
Microsoft Visual Studio Solution File, Format Version 12.00
# Visual Studio Version 16
VisualStudioVersion = 16.0.31515.178
MinimumVisualStudioVersion = 10.0.40219.1
Project("{888888A0-9F3D-457C-B088-3A5042F75D52}") = "ProjectPhase2", "ProjectPhase2.pyproj", "{69704441-31AD-4A47-B033-7B867991ED90}"
EndProject
Global
	GlobalSection(SolutionConfigurationPlatforms) = preSolution
		Debug|Any CPU = Debug|Any CPU
		Release|Any CPU = Release|Any CPU
	EndGlobalSection
	GlobalSection(ProjectConfigurationPlatforms) = postSolution
		{69704441-31AD-4A47-B033-7B867991ED90}.Debug|Any CPU.ActiveCfg = Debug|Any CPU
		{69704441-31AD-4A47-B033-7B867991ED90}.Release|Any CPU.ActiveCfg = Release|Any CPU
	EndGlobalSection
	GlobalSection(SolutionProperties) = preSolution
		HideSolutionNode = FALSE
	EndGlobalSection
	GlobalSection(ExtensibilityGlobals) = postSolution
		SolutionGuid = {628D097A-9359-44C3-B2D3-6BA140124EEC}
	EndGlobalSection
EndGlobal
